
Microsoft Visual Studio Solution File, Format Version 12.00
# Visual Studio Version 17
VisualStudioVersion = 17.14.36221.1
MinimumVisualStudioVersion = 10.0.40219.1
Project("{FAE04EC0-301F-11D3-BF4B-00C04F79EFBC}") = "Facturacion.Domain", "Facturacion.Domain\Facturacion.Domain.csproj", "{DCF4FCFD-7E2F-4409-9E51-B167D116F348}"
EndProject
Project("{FAE04EC0-301F-11D3-BF4B-00C04F79EFBC}") = "Facturacion.Infrastructure", "Facturacion.Infrastructure\Facturacion.Infrastructure.csproj", "{322857FC-008C-4CAF-9217-9284411A71A6}"
EndProject
Project("{FAE04EC0-301F-11D3-BF4B-00C04F79EFBC}") = "Facturacion.Blazor", "Facturacion.Blazor\Facturacion.Blazor.csproj", "{0585B7AB-7B6A-43E2-90AE-90AAE866A2FD}"
EndProject
Project("{FAE04EC0-301F-11D3-BF4B-00C04F79EFBC}") = "Facturacion.API", "Facturacion.API\Facturacion.API.csproj", "{E6107578-14BD-45F2-B586-08B1B58E6161}"
EndProject
Project("{FAE04EC0-301F-11D3-BF4B-00C04F79EFBC}") = "Facturacion.Application", "Facturacion.Application\Facturacion.Application.csproj", "{4F25D0B0-3920-4EC1-B9A8-BAB5BA78E81E}"
EndProject
Global
	GlobalSection(SolutionConfigurationPlatforms) = preSolution
		Debug|Any CPU = Debug|Any CPU
		Release|Any CPU = Release|Any CPU
	EndGlobalSection
	GlobalSection(ProjectConfigurationPlatforms) = postSolution
		{DCF4FCFD-7E2F-4409-9E51-B167D116F348}.Debug|Any CPU.ActiveCfg = Debug|Any CPU
		{DCF4FCFD-7E2F-4409-9E51-B167D116F348}.Debug|Any CPU.Build.0 = Debug|Any CPU
		{DCF4FCFD-7E2F-4409-9E51-B167D116F348}.Release|Any CPU.ActiveCfg = Release|Any CPU
		{DCF4FCFD-7E2F-4409-9E51-B167D116F348}.Release|Any CPU.Build.0 = Release|Any CPU
		{322857FC-008C-4CAF-9217-9284411A71A6}.Debug|Any CPU.ActiveCfg = Debug|Any CPU
		{322857FC-008C-4CAF-9217-9284411A71A6}.Debug|Any CPU.Build.0 = Debug|Any CPU
		{322857FC-008C-4CAF-9217-9284411A71A6}.Release|Any CPU.ActiveCfg = Release|Any CPU
		{322857FC-008C-4CAF-9217-9284411A71A6}.Release|Any CPU.Build.0 = Release|Any CPU
		{0585B7AB-7B6A-43E2-90AE-90AAE866A2FD}.Debug|Any CPU.ActiveCfg = Debug|Any CPU
		{0585B7AB-7B6A-43E2-90AE-90AAE866A2FD}.Debug|Any CPU.Build.0 = Debug|Any CPU
		{0585B7AB-7B6A-43E2-90AE-90AAE866A2FD}.Release|Any CPU.ActiveCfg = Release|Any CPU
		{0585B7AB-7B6A-43E2-90AE-90AAE866A2FD}.Release|Any CPU.Build.0 = Release|Any CPU
		{E6107578-14BD-45F2-B586-08B1B58E6161}.Debug|Any CPU.ActiveCfg = Debug|Any CPU
		{E6107578-14BD-45F2-B586-08B1B58E6161}.Debug|Any CPU.Build.0 = Debug|Any CPU
		{E6107578-14BD-45F2-B586-08B1B58E6161}.Release|Any CPU.ActiveCfg = Release|Any CPU
		{E6107578-14BD-45F2-B586-08B1B58E6161}.Release|Any CPU.Build.0 = Release|Any CPU
		{4F25D0B0-3920-4EC1-B9A8-BAB5BA78E81E}.Debug|Any CPU.ActiveCfg = Debug|Any CPU
		{4F25D0B0-3920-4EC1-B9A8-BAB5BA78E81E}.Debug|Any CPU.Build.0 = Debug|Any CPU
		{4F25D0B0-3920-4EC1-B9A8-BAB5BA78E81E}.Release|Any CPU.ActiveCfg = Release|Any CPU
		{4F25D0B0-3920-4EC1-B9A8-BAB5BA78E81E}.Release|Any CPU.Build.0 = Release|Any CPU
	EndGlobalSection
	GlobalSection(SolutionProperties) = preSolution
		HideSolutionNode = FALSE
	EndGlobalSection
	GlobalSection(ExtensibilityGlobals) = postSolution
		SolutionGuid = {5CBD5418-5DA1-4C5A-A952-32FB003696B1}
	EndGlobalSection
EndGlobal
